
Microsoft Visual Studio Solution File, Format Version 12.00
# Visual Studio Version 16
VisualStudioVersion = 16.0.31205.134
MinimumVisualStudioVersion = 10.0.40219.1
Project("{FAE04EC0-301F-11D3-BF4B-00C04F79EFBC}") = "PinkLady", "PinkLady\PinkLady.csproj", "{36BBCFE4-29A6-4A01-A56B-BA25FD0B4548}"
EndProject
Global
	GlobalSection(SolutionConfigurationPlatforms) = preSolution
		Debug|x64 = Debug|x64
		Debug|x86 = Debug|x86
		Release|x64 = Release|x64
		Release|x86 = Release|x86
	EndGlobalSection
	GlobalSection(ProjectConfigurationPlatforms) = postSolution
		{36BBCFE4-29A6-4A01-A56B-BA25FD0B4548}.Debug|x64.ActiveCfg = Debug|x64
		{36BBCFE4-29A6-4A01-A56B-BA25FD0B4548}.Debug|x64.Build.0 = Debug|x64
		{36BBCFE4-29A6-4A01-A56B-BA25FD0B4548}.Debug|x86.ActiveCfg = Debug|x86
		{36BBCFE4-29A6-4A01-A56B-BA25FD0B4548}.Debug|x86.Build.0 = Debug|x86
		{36BBCFE4-29A6-4A01-A56B-BA25FD0B4548}.Release|x64.ActiveCfg = Release|x64
		{36BBCFE4-29A6-4A01-A56B-BA25FD0B4548}.Release|x64.Build.0 = Release|x64
		{36BBCFE4-29A6-4A01-A56B-BA25FD0B4548}.Release|x86.ActiveCfg = Release|x86
		{36BBCFE4-29A6-4A01-A56B-BA25FD0B4548}.Release|x86.Build.0 = Release|x86
	EndGlobalSection
	GlobalSection(SolutionProperties) = preSolution
		HideSolutionNode = FALSE
	EndGlobalSection
	GlobalSection(ExtensibilityGlobals) = postSolution
		SolutionGuid = {8D84920C-A61D-48B2-886E-03CFF370BE1D}
	EndGlobalSection
EndGlobal
